{
  "version": "5",
  "specifiers": {
    "npm:sqids@0.3": "0.3.0"
  },
  "npm": {
    "sqids@0.3.0": {
      "integrity": "sha512-lOQK1ucVg+W6n3FhRwwSeUijxe93b51Bfz5PMRMihVf1iVkl82ePQG7V5vwrhzB11v0NtsR25PSZRGiSomJaJw=="
    }
  },
  "workspace": {
    "packageJson": {
      "dependencies": [
        "npm:sqids@0.3"
      ]
    }
  }
}
